
Microsoft Visual Studio Solution File, Format Version 12.00
# Visual Studio Version 17
VisualStudioVersion = 17.4.33122.133
MinimumVisualStudioVersion = 10.0.40219.1
Project("{9A19103F-16F7-4668-BE54-9A1E7A4F7556}") = "MainDentalla", "WebApplication5\MainDentalla.csproj", "{EE8E7382-C367-495B-8BB3-B20795FE4FE1}"
EndProject
Global
	GlobalSection(SolutionConfigurationPlatforms) = preSolution
		Debug|Any CPU = Debug|Any CPU
		Release|Any CPU = Release|Any CPU
	EndGlobalSection
	GlobalSection(ProjectConfigurationPlatforms) = postSolution
		{EE8E7382-C367-495B-8BB3-B20795FE4FE1}.Debug|Any CPU.ActiveCfg = Debug|Any CPU
		{EE8E7382-C367-495B-8BB3-B20795FE4FE1}.Debug|Any CPU.Build.0 = Debug|Any CPU
		{EE8E7382-C367-495B-8BB3-B20795FE4FE1}.Release|Any CPU.ActiveCfg = Release|Any CPU
		{EE8E7382-C367-495B-8BB3-B20795FE4FE1}.Release|Any CPU.Build.0 = Release|Any CPU
	EndGlobalSection
	GlobalSection(SolutionProperties) = preSolution
		HideSolutionNode = FALSE
	EndGlobalSection
	GlobalSection(ExtensibilityGlobals) = postSolution
		SolutionGuid = {3A7D5047-AE59-4CAA-879E-FC7EE853954D}
	EndGlobalSection
EndGlobal
